
Microsoft Visual Studio Solution File, Format Version 12.00
# Visual Studio 15
VisualStudioVersion = 15.0.27130.2010
MinimumVisualStudioVersion = 10.0.40219.1
Project("{8BC9CEB8-8B4A-11D0-8D11-00A0C91BC942}") = "Sudoku", "Sudoku\Sudoku.vcxproj", "{A30C2B58-68D5-4C7C-8636-D041272DB7B4}"
EndProject
Global
	GlobalSection(SolutionConfigurationPlatforms) = preSolution
		Debug|x64 = Debug|x64
		Debug|x86 = Debug|x86
		Release|x64 = Release|x64
		Release|x86 = Release|x86
	EndGlobalSection
	GlobalSection(ProjectConfigurationPlatforms) = postSolution
		{A30C2B58-68D5-4C7C-8636-D041272DB7B4}.Debug|x64.ActiveCfg = Debug|x64
		{A30C2B58-68D5-4C7C-8636-D041272DB7B4}.Debug|x64.Build.0 = Debug|x64
		{A30C2B58-68D5-4C7C-8636-D041272DB7B4}.Debug|x86.ActiveCfg = Debug|Win32
		{A30C2B58-68D5-4C7C-8636-D041272DB7B4}.Debug|x86.Build.0 = Debug|Win32
		{A30C2B58-68D5-4C7C-8636-D041272DB7B4}.Release|x64.ActiveCfg = Release|x64
		{A30C2B58-68D5-4C7C-8636-D041272DB7B4}.Release|x64.Build.0 = Release|x64
		{A30C2B58-68D5-4C7C-8636-D041272DB7B4}.Release|x86.ActiveCfg = Release|Win32
		{A30C2B58-68D5-4C7C-8636-D041272DB7B4}.Release|x86.Build.0 = Release|Win32
	EndGlobalSection
	GlobalSection(SolutionProperties) = preSolution
		HideSolutionNode = FALSE
	EndGlobalSection
	GlobalSection(ExtensibilityGlobals) = postSolution
		SolutionGuid = {8AE727F3-6D6F-4A5A-B9A7-7FA52475FA95}
	EndGlobalSection
EndGlobal
